
Microsoft Visual Studio Solution File, Format Version 12.00
# Visual Studio Version 17
VisualStudioVersion = 17.4.33122.133
MinimumVisualStudioVersion = 10.0.40219.1
Project("{FAE04EC0-301F-11D3-BF4B-00C04F79EFBC}") = "AuthWebApi", "AuthWebApi\AuthWebApi.csproj", "{065EC527-BDD3-4288-9F4C-10F1536A1559}"
EndProject
Global
	GlobalSection(SolutionConfigurationPlatforms) = preSolution
		Debug|Any CPU = Debug|Any CPU
		Release|Any CPU = Release|Any CPU
	EndGlobalSection
	GlobalSection(ProjectConfigurationPlatforms) = postSolution
		{065EC527-BDD3-4288-9F4C-10F1536A1559}.Debug|Any CPU.ActiveCfg = Debug|Any CPU
		{065EC527-BDD3-4288-9F4C-10F1536A1559}.Debug|Any CPU.Build.0 = Debug|Any CPU
		{065EC527-BDD3-4288-9F4C-10F1536A1559}.Release|Any CPU.ActiveCfg = Release|Any CPU
		{065EC527-BDD3-4288-9F4C-10F1536A1559}.Release|Any CPU.Build.0 = Release|Any CPU
	EndGlobalSection
	GlobalSection(SolutionProperties) = preSolution
		HideSolutionNode = FALSE
	EndGlobalSection
	GlobalSection(ExtensibilityGlobals) = postSolution
		SolutionGuid = {264DD6F3-1434-4921-901E-B0259A81D815}
	EndGlobalSection
EndGlobal
